// !$*UTF8*$!
{
	archiveVersion = 1;
	classes = {
	};
	objectVersion = 46;
	objects = {

/* Begin PBXBuildFile section */
		C310DD391DB75BC100C1A768 /* dataModel.swift in Sources */ = {isa = PBXBuildFile; fileRef = C310DD381DB75BC100C1A768 /* dataModel.swift */; };
		C310DD3B1DB75C6E00C1A768 /* customTableViewCell.swift in Sources */ = {isa = PBXBuildFile; fileRef = C310DD3A1DB75C6E00C1A768 /* customTableViewCell.swift */; };
		C32165801DB60B9B00594F28 /* AppDelegate.swift in Sources */ = {isa = PBXBuildFile; fileRef = C321657F1DB60B9B00594F28 /* AppDelegate.swift */; };
		C32165821DB60B9B00594F28 /* ViewController.swift in Sources */ = {isa = PBXBuildFile; fileRef = C32165811DB60B9B00594F28 /* ViewController.swift */; };
		C32165851DB60B9B00594F28 /* Main.storyboard in Resources */ = {isa = PBXBuildFile; fileRef = C32165831DB60B9B00594F28 /* Main.storyboard */; };
		C32165871DB60B9B00594F28 /* Assets.xcassets in Resources */ = {isa = PBXBuildFile; fileRef = C32165861DB60B9B00594F28 /* Assets.xcassets */; };
		C321658A1DB60B9B00594F28 /* LaunchScreen.storyboard in Resources */ = {isa = PBXBuildFile; fileRef = C32165881DB60B9B00594F28 /* LaunchScreen.storyboard */; };
		C32165921DB6334500594F28 /* 1.png in Resources */ = {isa = PBXBuildFile; fileRef = C32165911DB6334500594F28 /* 1.png */; };
/* End PBXBuildFile section */

/* Begin PBXFileReference section */
		C310DD381DB75BC100C1A768 /* dataModel.swift */ = {isa = PBXFileReference; fileEncoding = 4; lastKnownFileType = sourcecode.swift; path = dataModel.swift; sourceTree = "<group>"; };
		C310DD3A1DB75C6E00C1A768 /* customTableViewCell.swift */ = {isa = PBXFileReference; fileEncoding = 4; lastKnownFileType = sourcecode.swift; name = customTableViewCell.swift; path = ../customTableViewCell.swift; sourceTree = "<group>"; };
		C321657C1DB60B9B00594F28 /* WatsonConvo.app */ = {isa = PBXFileReference; explicitFileType = wrapper.application; includeInIndex = 0; path = WatsonConvo.app; sourceTree = BUILT_PRODUCTS_DIR; };
		C321657F1DB60B9B00594F28 /* AppDelegate.swift */ = {isa = PBXFileReference; lastKnownFileType = sourcecode.swift; path = AppDelegate.swift; sourceTree = "<group>"; };
		C32165811DB60B9B00594F28 /* ViewController.swift */ = {isa = PBXFileReference; lastKnownFileType = sourcecode.swift; path = ViewController.swift; sourceTree = "<group>"; };
		C32165841DB60B9B00594F28 /* Base */ = {isa = PBXFileReference; lastKnownFileType = file.storyboard; name = Base; path = Base.lproj/Main.storyboard; sourceTree = "<group>"; };
		C32165861DB60B9B00594F28 /* Assets.xcassets */ = {isa = PBXFileReference; lastKnownFileType = folder.assetcatalog; path = Assets.xcassets; sourceTree = "<group>"; };
		C32165891DB60B9B00594F28 /* Base */ = {isa = PBXFileReference; lastKnownFileType = file.storyboard; name = Base; path = Base.lproj/LaunchScreen.storyboard; sourceTree = "<group>"; };
		C321658B1DB60B9B00594F28 /* Info.plist */ = {isa = PBXFileReference; lastKnownFileType = text.plist.xml; path = Info.plist; sourceTree = "<group>"; };
		C32165911DB6334500594F28 /* 1.png */ = {isa = PBXFileReference; lastKnownFileType = image.png; path = 1.png; sourceTree = "<group>"; };
/* End PBXFileReference section */

/* Begin PBXFrameworksBuildPhase section */
		C32165791DB60B9B00594F28 /* Frameworks */ = {
			isa = PBXFrameworksBuildPhase;
			buildActionMask = 2147483647;
			files = (
			);
			runOnlyForDeploymentPostprocessing = 0;
		};
/* End PBXFrameworksBuildPhase section */

/* Begin PBXGroup section */
		C32165731DB60B9B00594F28 = {
			isa = PBXGroup;
			children = (
				C321657E1DB60B9B00594F28 /* WatsonConvo */,
				C321657D1DB60B9B00594F28 /* Products */,
			);
			sourceTree = "<group>";
		};
		C321657D1DB60B9B00594F28 /* Products */ = {
			isa = PBXGroup;
			children = (
				C321657C1DB60B9B00594F28 /* WatsonConvo.app */,
			);
			name = Products;
			sourceTree = "<group>";
		};
		C321657E1DB60B9B00594F28 /* WatsonConvo */ = {
			isa = PBXGroup;
			children = (
				C310DD3A1DB75C6E00C1A768 /* customTableViewCell.swift */,
				C321657F1DB60B9B00594F28 /* AppDelegate.swift */,
				C32165811DB60B9B00594F28 /* ViewController.swift */,
				C310DD381DB75BC100C1A768 /* dataModel.swift */,
				C32165831DB60B9B00594F28 /* Main.storyboard */,
				C32165911DB6334500594F28 /* 1.png */,
				C32165861DB60B9B00594F28 /* Assets.xcassets */,
				C32165881DB60B9B00594F28 /* LaunchScreen.storyboard */,
				C321658B1DB60B9B00594F28 /* Info.plist */,
			);
			path = WatsonConvo;
			sourceTree = "<group>";
		};
/* End PBXGroup section */

/* Begin PBXNativeTarget section */
		C321657B1DB60B9B00594F28 /* WatsonConvo */ = {
			isa = PBXNativeTarget;
			buildConfigurationList = C321658E1DB60B9B00594F28 /* Build configuration list for PBXNativeTarget "WatsonConvo" */;
			buildPhases = (
				C32165781DB60B9B00594F28 /* Sources */,
				C32165791DB60B9B00594F28 /* Frameworks */,
				C321657A1DB60B9B00594F28 /* Resources */,
			);
			buildRules = (
			);
			dependencies = (
			);
			name = WatsonConvo;
			productName = WatsonConvo;
			productReference = C321657C1DB60B9B00594F28 /* WatsonConvo.app */;
			productType = "com.apple.product-type.application";
		};
/* End PBXNativeTarget section */

/* Begin PBXProject section */
		C32165741DB60B9B00594F28 /* Project object */ = {
			isa = PBXProject;
			attributes = {
				LastSwiftUpdateCheck = 0710;
				LastUpgradeCheck = 0710;
				ORGANIZATIONNAME = Administrator;
				TargetAttributes = {
					C321657B1DB60B9B00594F28 = {
						CreatedOnToolsVersion = 7.1;
						LastSwiftMigration = 0820;
					};
				};
			};
			buildConfigurationList = C32165771DB60B9B00594F28 /* Build configuration list for PBXProject "WatsonConvo" */;
			compatibilityVersion = "Xcode 3.2";
			developmentRegion = English;
			hasScannedForEncodings = 0;
			knownRegions = (
				en,
				Base,
			);
			mainGroup = C32165731DB60B9B00594F28;
			productRefGroup = C321657D1DB60B9B00594F28 /* Products */;
			projectDirPath = "";
			projectRoot = "";
			targets = (
				C321657B1DB60B9B00594F28 /* WatsonConvo */,
			);
		};
/* End PBXProject section */

/* Begin PBXResourcesBuildPhase section */
		C321657A1DB60B9B00594F28 /* Resources */ = {
			isa = PBXResourcesBuildPhase;
			buildActionMask = 2147483647;
			files = (
				C321658A1DB60B9B00594F28 /* LaunchScreen.storyboard in Resources */,
				C32165921DB6334500594F28 /* 1.png in Resources */,
				C32165871DB60B9B00594F28 /* Assets.xcassets in Resources */,
				C32165851DB60B9B00594F28 /* Main.storyboard in Resources */,
			);
			runOnlyForDeploymentPostprocessing = 0;
		};
/* End PBXResourcesBuildPhase section */

/* Begin PBXSourcesBuildPhase section */
		C32165781DB60B9B00594F28 /* Sources */ = {
			isa = PBXSourcesBuildPhase;
			buildActionMask = 2147483647;
			files = (
				C32165821DB60B9B00594F28 /* ViewController.swift in Sources */,
				C32165801DB60B9B00594F28 /* AppDelegate.swift in Sources */,
				C310DD3B1DB75C6E00C1A768 /* customTableViewCell.swift in Sources */,
				C310DD391DB75BC100C1A768 /* dataModel.swift in Sources */,
			);
			runOnlyForDeploymentPostprocessing = 0;
		};
/* End PBXSourcesBuildPhase section */

/* Begin PBXVariantGroup section */
		C32165831DB60B9B00594F28 /* Main.storyboard */ = {
			isa = PBXVariantGroup;
			children = (
				C32165841DB60B9B00594F28 /* Base */,
			);
			name = Main.storyboard;
			sourceTree = "<group>";
		};
		C32165881DB60B9B00594F28 /* LaunchScreen.storyboard */ = {
			isa = PBXVariantGroup;
			children = (
				C32165891DB60B9B00594F28 /* Base */,
			);
			name = LaunchScreen.storyboard;
			sourceTree = "<group>";
		};
/* End PBXVariantGroup section */

/* Begin XCBuildConfiguration section */
		C321658C1DB60B9B00594F28 /* Debug */ = {
			isa = XCBuildConfiguration;
			buildSettings = {
				ALWAYS_SEARCH_USER_PATHS = NO;
				CLANG_CXX_LANGUAGE_STANDARD = "gnu++0x";
				CLANG_CXX_LIBRARY = "libc++";
				CLANG_ENABLE_MODULES = YES;
				CLANG_ENABLE_OBJC_ARC = YES;
				CLANG_WARN_BOOL_CONVERSION = YES;
				CLANG_WARN_CONSTANT_CONVERSION = YES;
				CLANG_WARN_DIRECT_OBJC_ISA_USAGE = YES_ERROR;
				CLANG_WARN_EMPTY_BODY = YES;
				CLANG_WARN_ENUM_CONVERSION = YES;
				CLANG_WARN_INT_CONVERSION = YES;
				CLANG_WARN_OBJC_ROOT_CLASS = YES_ERROR;
				CLANG_WARN_UNREACHABLE_CODE = YES;
				CLANG_WARN__DUPLICATE_METHOD_MATCH = YES;
				"CODE_SIGN_IDENTITY[sdk=iphoneos*]" = "iPhone Developer";
				COPY_PHASE_STRIP = NO;
				DEBUG_INFORMATION_FORMAT = dwarf;
				ENABLE_STRICT_OBJC_MSGSEND = YES;
				ENABLE_TESTABILITY = YES;
				GCC_C_LANGUAGE_STANDARD = gnu99;
				GCC_DYNAMIC_NO_PIC = NO;
				GCC_NO_COMMON_BLOCKS = YES;
				GCC_OPTIMIZATION_LEVEL = 0;
				GCC_PREPROCESSOR_DEFINITIONS = (
					"DEBUG=1",
					"$(inherited)",
				);
				GCC_WARN_64_TO_32_BIT_CONVERSION = YES;
				GCC_WARN_ABOUT_RETURN_TYPE = YES_ERROR;
				GCC_WARN_UNDECLARED_SELECTOR = YES;
				GCC_WARN_UNINITIALIZED_AUTOS = YES_AGGRESSIVE;
				GCC_WARN_UNUSED_FUNCTION = YES;
				GCC_WARN_UNUSED_VARIABLE = YES;
				IPHONEOS_DEPLOYMENT_TARGET = 9.1;
				MTL_ENABLE_DEBUG_INFO = YES;
				ONLY_ACTIVE_ARCH = YES;
				SDKROOT = iphoneos;
				SWIFT_OPTIMIZATION_LEVEL = "-Onone";
				TARGETED_DEVICE_FAMILY = "1,2";
			};
			name = Debug;
		};
		C321658D1DB60B9B00594F28 /* Release */ = {
			isa = XCBuildConfiguration;
			buildSettings = {
				ALWAYS_SEARCH_USER_PATHS = NO;
				CLANG_CXX_LANGUAGE_STANDARD = "gnu++0x";
				CLANG_CXX_LIBRARY = "libc++";
				CLANG_ENABLE_MODULES = YES;
				CLANG_ENABLE_OBJC_ARC = YES;
				CLANG_WARN_BOOL_CONVERSION = YES;
				CLANG_WARN_CONSTANT_CONVERSION = YES;
				CLANG_WARN_DIRECT_OBJC_ISA_USAGE = YES_ERROR;
				CLANG_WARN_EMPTY_BODY = YES;
				CLANG_WARN_ENUM_CONVERSION = YES;
				CLANG_WARN_INT_CONVERSION = YES;
				CLANG_WARN_OBJC_ROOT_CLASS = YES_ERROR;
				CLANG_WARN_UNREACHABLE_CODE = YES;
				CLANG_WARN__DUPLICATE_METHOD_MATCH = YES;
				"CODE_SIGN_IDENTITY[sdk=iphoneos*]" = "iPhone Developer";
				COPY_PHASE_STRIP = NO;
				DEBUG_INFORMATION_FORMAT = "dwarf-with-dsym";
				ENABLE_NS_ASSERTIONS = NO;
				ENABLE_STRICT_OBJC_MSGSEND = YES;
				GCC_C_LANGUAGE_STANDARD = gnu99;
				GCC_NO_COMMON_BLOCKS = YES;
				GCC_WARN_64_TO_32_BIT_CONVERSION = YES;
				GCC_WARN_ABOUT_RETURN_TYPE = YES_ERROR;
				GCC_WARN_UNDECLARED_SELECTOR = YES;
				GCC_WARN_UNINITIALIZED_AUTOS = YES_AGGRESSIVE;
				GCC_WARN_UNUSED_FUNCTION = YES;
				GCC_WARN_UNUSED_VARIABLE = YES;
				IPHONEOS_DEPLOYMENT_TARGET = 9.1;
				MTL_ENABLE_DEBUG_INFO = NO;
				SDKROOT = iphoneos;
				TARGETED_DEVICE_FAMILY = "1,2";
				VALIDATE_PRODUCT = YES;
			};
			name = Release;
		};
		C321658F1DB60B9B00594F28 /* Debug */ = {
			isa = XCBuildConfiguration;
			buildSettings = {
				ASSETCATALOG_COMPILER_APPICON_NAME = AppIcon;
				INFOPLIST_FILE = WatsonConvo/Info.plist;
				LD_RUNPATH_SEARCH_PATHS = "$(inherited) @executable_path/Frameworks";
				PRODUCT_BUNDLE_IDENTIFIER = com.ibm.WatsonConvo;
				PRODUCT_NAME = "$(TARGET_NAME)";
				SWIFT_VERSION = 3.0;
			};
			name = Debug;
		};
		C32165901DB60B9B00594F28 /* Release */ = {
			isa = XCBuildConfiguration;
			buildSettings = {
				ASSETCATALOG_COMPILER_APPICON_NAME = AppIcon;
				INFOPLIST_FILE = WatsonConvo/Info.plist;
				LD_RUNPATH_SEARCH_PATHS = "$(inherited) @executable_path/Frameworks";
				PRODUCT_BUNDLE_IDENTIFIER = com.ibm.WatsonConvo;
				PRODUCT_NAME = "$(TARGET_NAME)";
				SWIFT_VERSION = 3.0;
			};
			name = Release;
		};
/* End XCBuildConfiguration section */

/* Begin XCConfigurationList section */
		C32165771DB60B9B00594F28 /* Build configuration list for PBXProject "WatsonConvo" */ = {
			isa = XCConfigurationList;
			buildConfigurations = (
				C321658C1DB60B9B00594F28 /* Debug */,
				C321658D1DB60B9B00594F28 /* Release */,
			);
			defaultConfigurationIsVisible = 0;
			defaultConfigurationName = Release;
		};
		C321658E1DB60B9B00594F28 /* Build configuration list for PBXNativeTarget "WatsonConvo" */ = {
			isa = XCConfigurationList;
			buildConfigurations = (
				C321658F1DB60B9B00594F28 /* Debug */,
				C32165901DB60B9B00594F28 /* Release */,
			);
			defaultConfigurationIsVisible = 0;
			defaultConfigurationName = Release;
		};
/* End XCConfigurationList section */
	};
	rootObject = C32165741DB60B9B00594F28 /* Project object */;
}
